
Microsoft Visual Studio Solution File, Format Version 12.00
# Visual Studio 15
VisualStudioVersion = 15.0.28307.1622
MinimumVisualStudioVersion = 10.0.40219.1
Project("{888888A0-9F3D-457C-B088-3A5042F75D52}") = "Satellites_RTF", "Satellites_RTF\Satellites_RTF.pyproj", "{D6E7CF0E-ED28-4B28-84E4-E75D8A0FBA37}"
EndProject
Global
	GlobalSection(SolutionConfigurationPlatforms) = preSolution
		Debug|Any CPU = Debug|Any CPU
		Release|Any CPU = Release|Any CPU
	EndGlobalSection
	GlobalSection(ProjectConfigurationPlatforms) = postSolution
		{D6E7CF0E-ED28-4B28-84E4-E75D8A0FBA37}.Debug|Any CPU.ActiveCfg = Debug|Any CPU
		{D6E7CF0E-ED28-4B28-84E4-E75D8A0FBA37}.Release|Any CPU.ActiveCfg = Release|Any CPU
	EndGlobalSection
	GlobalSection(SolutionProperties) = preSolution
		HideSolutionNode = FALSE
	EndGlobalSection
	GlobalSection(ExtensibilityGlobals) = postSolution
		SolutionGuid = {2355B448-4F2B-48B5-B0CB-F585CCA29E62}
	EndGlobalSection
EndGlobal
